// !$*UTF8*$!
{
	archiveVersion = 1;
	classes = {
	};
	objectVersion = 46;
	objects = {

/* Begin PBXAggregateTarget section */
		003D33F91EAF4B0E00E2C263 /* Monogenerator */ = {
			isa = PBXAggregateTarget;
			buildConfigurationList = 003D33FC1EAF4B0E00E2C263 /* Build configuration list for PBXAggregateTarget "Monogenerator" */;
			buildPhases = (
				003D33FD1EAF4B4700E2C263 /* ShellScript */,
			);
			dependencies = (
			);
			name = Monogenerator;
			productName = Monogenerator;
		};
/* End PBXAggregateTarget section */

/* Begin PBXBuildFile section */
		0035B0D61EB0A78B0001D71A /* DatabaseUtils.m in Sources */ = {isa = PBXBuildFile; fileRef = 0035B0D51EB0A78B0001D71A /* DatabaseUtils.m */; };
		0035B1371EB0B7540001D71A /* _DeviationBasicInfoRest.m in Sources */ = {isa = PBXBuildFile; fileRef = 0035B1241EB0B7540001D71A /* _DeviationBasicInfoRest.m */; };
		0035B1381EB0B7540001D71A /* _DeviationDetailsRest.m in Sources */ = {isa = PBXBuildFile; fileRef = 0035B1261EB0B7540001D71A /* _DeviationDetailsRest.m */; };
		0035B1391EB0B7540001D71A /* _DocumentBasicInfoEntry.m in Sources */ = {isa = PBXBuildFile; fileRef = 0035B1281EB0B7540001D71A /* _DocumentBasicInfoEntry.m */; };
		0035B13A1EB0B7540001D71A /* _DocumentDetailsEntry.m in Sources */ = {isa = PBXBuildFile; fileRef = 0035B12A1EB0B7540001D71A /* _DocumentDetailsEntry.m */; };
		0035B13B1EB0B7540001D71A /* _EquipmentEntry.m in Sources */ = {isa = PBXBuildFile; fileRef = 0035B12C1EB0B7540001D71A /* _EquipmentEntry.m */; };
		0035B13C1EB0B7540001D71A /* DeviationBasicInfoRest.m in Sources */ = {isa = PBXBuildFile; fileRef = 0035B12E1EB0B7540001D71A /* DeviationBasicInfoRest.m */; };
		0035B13D1EB0B7540001D71A /* DeviationDetailsRest.m in Sources */ = {isa = PBXBuildFile; fileRef = 0035B1301EB0B7540001D71A /* DeviationDetailsRest.m */; };
		0035B13E1EB0B7540001D71A /* DocumentBasicInfoEntry.m in Sources */ = {isa = PBXBuildFile; fileRef = 0035B1321EB0B7540001D71A /* DocumentBasicInfoEntry.m */; };
		0035B13F1EB0B7540001D71A /* DocumentDetailsEntry.m in Sources */ = {isa = PBXBuildFile; fileRef = 0035B1341EB0B7540001D71A /* DocumentDetailsEntry.m */; };
		0035B1401EB0B7540001D71A /* EquipmentEntry.m in Sources */ = {isa = PBXBuildFile; fileRef = 0035B1361EB0B7540001D71A /* EquipmentEntry.m */; };
		0035B1431EB0B9E50001D71A /* GeneratedDeviationList.m in Sources */ = {isa = PBXBuildFile; fileRef = 0035B1411EB0B9E50001D71A /* GeneratedDeviationList.m */; };
		0035B1461EB0BA660001D71A /* ResponseDocumentationList.m in Sources */ = {isa = PBXBuildFile; fileRef = 0035B1441EB0BA660001D71A /* ResponseDocumentationList.m */; };
		0035B1491EB0BC630001D71A /* JSONKit.m in Sources */ = {isa = PBXBuildFile; fileRef = 0035B1471EB0BC630001D71A /* JSONKit.m */; settings = {COMPILER_FLAGS = "-fno-objc-arc"; }; };
		0035B14C1EB0C06F0001D71A /* DocumentListModel.m in Sources */ = {isa = PBXBuildFile; fileRef = 0035B14A1EB0C06F0001D71A /* DocumentListModel.m */; };
		0035B1541EB0C1FC0001D71A /* DeviationData.m in Sources */ = {isa = PBXBuildFile; fileRef = 0035B1521EB0C1FC0001D71A /* DeviationData.m */; };
		0035B15A1EB0E6790001D71A /* LedocUtils.m in Sources */ = {isa = PBXBuildFile; fileRef = 0035B1591EB0E6790001D71A /* LedocUtils.m */; };
		0035B15D1EB1D35E0001D71A /* Utils.m in Sources */ = {isa = PBXBuildFile; fileRef = 0035B15C1EB1D35E0001D71A /* Utils.m */; };
		0037FB331EAF840000DAD86D /* DataRequest.m in Sources */ = {isa = PBXBuildFile; fileRef = 0037FB2F1EAF840000DAD86D /* DataRequest.m */; };
		0037FB341EAF840000DAD86D /* ListsRequestManager.m in Sources */ = {isa = PBXBuildFile; fileRef = 0037FB321EAF840000DAD86D /* ListsRequestManager.m */; };
		0037FB371EAF845C00DAD86D /* JSONLoader.m in Sources */ = {isa = PBXBuildFile; fileRef = 0037FB361EAF845C00DAD86D /* JSONLoader.m */; };
		003D33BF1EAE13C200E2C263 /* main.m in Sources */ = {isa = PBXBuildFile; fileRef = 003D33BE1EAE13C200E2C263 /* main.m */; };
		003D33C21EAE13C200E2C263 /* AppDelegate.m in Sources */ = {isa = PBXBuildFile; fileRef = 003D33C11EAE13C200E2C263 /* AppDelegate.m */; };
		003D33C51EAE13C200E2C263 /* ViewController.m in Sources */ = {isa = PBXBuildFile; fileRef = 003D33C41EAE13C200E2C263 /* ViewController.m */; };
		003D33C81EAE13C200E2C263 /* Main.storyboard in Resources */ = {isa = PBXBuildFile; fileRef = 003D33C61EAE13C200E2C263 /* Main.storyboard */; };
		003D33CB1EAE13C200E2C263 /* CoreDataLedocAsync.xcdatamodeld in Sources */ = {isa = PBXBuildFile; fileRef = 003D33C91EAE13C200E2C263 /* CoreDataLedocAsync.xcdatamodeld */; };
		003D33CD1EAE13C200E2C263 /* Assets.xcassets in Resources */ = {isa = PBXBuildFile; fileRef = 003D33CC1EAE13C200E2C263 /* Assets.xcassets */; };
		003D33D01EAE13C200E2C263 /* LaunchScreen.storyboard in Resources */ = {isa = PBXBuildFile; fileRef = 003D33CE1EAE13C200E2C263 /* LaunchScreen.storyboard */; };
		003D33DB1EAE13C200E2C263 /* CoreDataLedocAsyncTests.m in Sources */ = {isa = PBXBuildFile; fileRef = 003D33DA1EAE13C200E2C263 /* CoreDataLedocAsyncTests.m */; };
		003D33E61EAE13C200E2C263 /* CoreDataLedocAsyncUITests.m in Sources */ = {isa = PBXBuildFile; fileRef = 003D33E51EAE13C200E2C263 /* CoreDataLedocAsyncUITests.m */; };
		003D33F81EAE2D6100E2C263 /* ListsPresenter.m in Sources */ = {isa = PBXBuildFile; fileRef = 003D33F71EAE2D6100E2C263 /* ListsPresenter.m */; };
		00FDF4D91EB1F774000F6483 /* AFHTTPClient.m in Sources */ = {isa = PBXBuildFile; fileRef = 00FDF4C71EB1F774000F6483 /* AFHTTPClient.m */; };
		00FDF4DA1EB1F774000F6483 /* AFHTTPRequestOperation.m in Sources */ = {isa = PBXBuildFile; fileRef = 00FDF4C91EB1F774000F6483 /* AFHTTPRequestOperation.m */; };
		00FDF4DB1EB1F774000F6483 /* AFImageRequestOperation.m in Sources */ = {isa = PBXBuildFile; fileRef = 00FDF4CB1EB1F774000F6483 /* AFImageRequestOperation.m */; };
		00FDF4DC1EB1F774000F6483 /* AFJSONRequestOperation.m in Sources */ = {isa = PBXBuildFile; fileRef = 00FDF4CD1EB1F774000F6483 /* AFJSONRequestOperation.m */; };
		00FDF4DD1EB1F774000F6483 /* AFNetworkActivityIndicatorManager.m in Sources */ = {isa = PBXBuildFile; fileRef = 00FDF4CF1EB1F774000F6483 /* AFNetworkActivityIndicatorManager.m */; };
		00FDF4DE1EB1F774000F6483 /* AFPropertyListRequestOperation.m in Sources */ = {isa = PBXBuildFile; fileRef = 00FDF4D21EB1F774000F6483 /* AFPropertyListRequestOperation.m */; };
		00FDF4DF1EB1F774000F6483 /* AFURLConnectionOperation.m in Sources */ = {isa = PBXBuildFile; fileRef = 00FDF4D41EB1F774000F6483 /* AFURLConnectionOperation.m */; };
		00FDF4E01EB1F774000F6483 /* AFXMLRequestOperation.m in Sources */ = {isa = PBXBuildFile; fileRef = 00FDF4D61EB1F774000F6483 /* AFXMLRequestOperation.m */; };
		00FDF4E11EB1F774000F6483 /* UIImageView+AFNetworking.m in Sources */ = {isa = PBXBuildFile; fileRef = 00FDF4D81EB1F774000F6483 /* UIImageView+AFNetworking.m */; };
/* End PBXBuildFile section */

/* Begin PBXContainerItemProxy section */
		003D33D71EAE13C200E2C263 /* PBXContainerItemProxy */ = {
			isa = PBXContainerItemProxy;
			containerPortal = 003D33B21EAE13C200E2C263 /* Project object */;
			proxyType = 1;
			remoteGlobalIDString = 003D33B91EAE13C200E2C263;
			remoteInfo = CoreDataLedocAsync;
		};
		003D33E21EAE13C200E2C263 /* PBXContainerItemProxy */ = {
			isa = PBXContainerItemProxy;
			containerPortal = 003D33B21EAE13C200E2C263 /* Project object */;
			proxyType = 1;
			remoteGlobalIDString = 003D33B91EAE13C200E2C263;
			remoteInfo = CoreDataLedocAsync;
		};
/* End PBXContainerItemProxy section */

/* Begin PBXFileReference section */
		0035B0D41EB0A78B0001D71A /* DatabaseUtils.h */ = {isa = PBXFileReference; fileEncoding = 4; lastKnownFileType = sourcecode.c.h; path = DatabaseUtils.h; sourceTree = "<group>"; };
		0035B0D51EB0A78B0001D71A /* DatabaseUtils.m */ = {isa = PBXFileReference; fileEncoding = 4; lastKnownFileType = sourcecode.c.objc; path = DatabaseUtils.m; sourceTree = "<group>"; };
		0035B1231EB0B7540001D71A /* _DeviationBasicInfoRest.h */ = {isa = PBXFileReference; fileEncoding = 4; lastKnownFileType = sourcecode.c.h; path = _DeviationBasicInfoRest.h; sourceTree = "<group>"; };
		0035B1241EB0B7540001D71A /* _DeviationBasicInfoRest.m */ = {isa = PBXFileReference; fileEncoding = 4; lastKnownFileType = sourcecode.c.objc; path = _DeviationBasicInfoRest.m; sourceTree = "<group>"; };
		0035B1251EB0B7540001D71A /* _DeviationDetailsRest.h */ = {isa = PBXFileReference; fileEncoding = 4; lastKnownFileType = sourcecode.c.h; path = _DeviationDetailsRest.h; sourceTree = "<group>"; };
		0035B1261EB0B7540001D71A /* _DeviationDetailsRest.m */ = {isa = PBXFileReference; fileEncoding = 4; lastKnownFileType = sourcecode.c.objc; path = _DeviationDetailsRest.m; sourceTree = "<group>"; };
		0035B1271EB0B7540001D71A /* _DocumentBasicInfoEntry.h */ = {isa = PBXFileReference; fileEncoding = 4; lastKnownFileType = sourcecode.c.h; path = _DocumentBasicInfoEntry.h; sourceTree = "<group>"; };
		0035B1281EB0B7540001D71A /* _DocumentBasicInfoEntry.m */ = {isa = PBXFileReference; fileEncoding = 4; lastKnownFileType = sourcecode.c.objc; path = _DocumentBasicInfoEntry.m; sourceTree = "<group>"; };
		0035B1291EB0B7540001D71A /* _DocumentDetailsEntry.h */ = {isa = PBXFileReference; fileEncoding = 4; lastKnownFileType = sourcecode.c.h; path = _DocumentDetailsEntry.h; sourceTree = "<group>"; };
		0035B12A1EB0B7540001D71A /* _DocumentDetailsEntry.m */ = {isa = PBXFileReference; fileEncoding = 4; lastKnownFileType = sourcecode.c.objc; path = _DocumentDetailsEntry.m; sourceTree = "<group>"; };
		0035B12B1EB0B7540001D71A /* _EquipmentEntry.h */ = {isa = PBXFileReference; fileEncoding = 4; lastKnownFileType = sourcecode.c.h; path = _EquipmentEntry.h; sourceTree = "<group>"; };
		0035B12C1EB0B7540001D71A /* _EquipmentEntry.m */ = {isa = PBXFileReference; fileEncoding = 4; lastKnownFileType = sourcecode.c.objc; path = _EquipmentEntry.m; sourceTree = "<group>"; };
		0035B12D1EB0B7540001D71A /* DeviationBasicInfoRest.h */ = {isa = PBXFileReference; fileEncoding = 4; lastKnownFileType = sourcecode.c.h; path = DeviationBasicInfoRest.h; sourceTree = "<group>"; };
		0035B12E1EB0B7540001D71A /* DeviationBasicInfoRest.m */ = {isa = PBXFileReference; fileEncoding = 4; lastKnownFileType = sourcecode.c.objc; path = DeviationBasicInfoRest.m; sourceTree = "<group>"; };
		0035B12F1EB0B7540001D71A /* DeviationDetailsRest.h */ = {isa = PBXFileReference; fileEncoding = 4; lastKnownFileType = sourcecode.c.h; path = DeviationDetailsRest.h; sourceTree = "<group>"; };
		0035B1301EB0B7540001D71A /* DeviationDetailsRest.m */ = {isa = PBXFileReference; fileEncoding = 4; lastKnownFileType = sourcecode.c.objc; path = DeviationDetailsRest.m; sourceTree = "<group>"; };
		0035B1311EB0B7540001D71A /* DocumentBasicInfoEntry.h */ = {isa = PBXFileReference; fileEncoding = 4; lastKnownFileType = sourcecode.c.h; path = DocumentBasicInfoEntry.h; sourceTree = "<group>"; };
		0035B1321EB0B7540001D71A /* DocumentBasicInfoEntry.m */ = {isa = PBXFileReference; fileEncoding = 4; lastKnownFileType = sourcecode.c.objc; path = DocumentBasicInfoEntry.m; sourceTree = "<group>"; };
		0035B1331EB0B7540001D71A /* DocumentDetailsEntry.h */ = {isa = PBXFileReference; fileEncoding = 4; lastKnownFileType = sourcecode.c.h; path = DocumentDetailsEntry.h; sourceTree = "<group>"; };
		0035B1341EB0B7540001D71A /* DocumentDetailsEntry.m */ = {isa = PBXFileReference; fileEncoding = 4; lastKnownFileType = sourcecode.c.objc; path = DocumentDetailsEntry.m; sourceTree = "<group>"; };
		0035B1351EB0B7540001D71A /* EquipmentEntry.h */ = {isa = PBXFileReference; fileEncoding = 4; lastKnownFileType = sourcecode.c.h; path = EquipmentEntry.h; sourceTree = "<group>"; };
		0035B1361EB0B7540001D71A /* EquipmentEntry.m */ = {isa = PBXFileReference; fileEncoding = 4; lastKnownFileType = sourcecode.c.objc; path = EquipmentEntry.m; sourceTree = "<group>"; };
		0035B1411EB0B9E50001D71A /* GeneratedDeviationList.m */ = {isa = PBXFileReference; fileEncoding = 4; lastKnownFileType = sourcecode.c.objc; path = GeneratedDeviationList.m; sourceTree = "<group>"; };
		0035B1421EB0B9E50001D71A /* GeneratedDeviationList.h */ = {isa = PBXFileReference; fileEncoding = 4; lastKnownFileType = sourcecode.c.h; path = GeneratedDeviationList.h; sourceTree = "<group>"; };
		0035B1441EB0BA660001D71A /* ResponseDocumentationList.m */ = {isa = PBXFileReference; fileEncoding = 4; lastKnownFileType = sourcecode.c.objc; path = ResponseDocumentationList.m; sourceTree = "<group>"; };
		0035B1451EB0BA660001D71A /* ResponseDocumentationList.h */ = {isa = PBXFileReference; fileEncoding = 4; lastKnownFileType = sourcecode.c.h; path = ResponseDocumentationList.h; sourceTree = "<group>"; };
		0035B1471EB0BC630001D71A /* JSONKit.m */ = {isa = PBXFileReference; fileEncoding = 4; lastKnownFileType = sourcecode.c.objc; path = JSONKit.m; sourceTree = "<group>"; };
		0035B1481EB0BC630001D71A /* JSONKit.h */ = {isa = PBXFileReference; fileEncoding = 4; lastKnownFileType = sourcecode.c.h; path = JSONKit.h; sourceTree = "<group>"; };
		0035B14A1EB0C06F0001D71A /* DocumentListModel.m */ = {isa = PBXFileReference; fileEncoding = 4; lastKnownFileType = sourcecode.c.objc; path = DocumentListModel.m; sourceTree = "<group>"; };
		0035B14B1EB0C06F0001D71A /* DocumentListModel.h */ = {isa = PBXFileReference; fileEncoding = 4; lastKnownFileType = sourcecode.c.h; path = DocumentListModel.h; sourceTree = "<group>"; };
		0035B1521EB0C1FC0001D71A /* DeviationData.m */ = {isa = PBXFileReference; fileEncoding = 4; lastKnownFileType = sourcecode.c.objc; path = DeviationData.m; sourceTree = "<group>"; };
		0035B1531EB0C1FC0001D71A /* DeviationData.h */ = {isa = PBXFileReference; fileEncoding = 4; lastKnownFileType = sourcecode.c.h; path = DeviationData.h; sourceTree = "<group>"; };
		0035B1581EB0E6790001D71A /* LedocUtils.h */ = {isa = PBXFileReference; fileEncoding = 4; lastKnownFileType = sourcecode.c.h; path = LedocUtils.h; sourceTree = "<group>"; };
		0035B1591EB0E6790001D71A /* LedocUtils.m */ = {isa = PBXFileReference; fileEncoding = 4; lastKnownFileType = sourcecode.c.objc; path = LedocUtils.m; sourceTree = "<group>"; };
		0035B15B1EB1D35E0001D71A /* Utils.h */ = {isa = PBXFileReference; fileEncoding = 4; lastKnownFileType = sourcecode.c.h; path = Utils.h; sourceTree = "<group>"; };
		0035B15C1EB1D35E0001D71A /* Utils.m */ = {isa = PBXFileReference; fileEncoding = 4; lastKnownFileType = sourcecode.c.objc; path = Utils.m; sourceTree = "<group>"; };
		0037FB2D1EAF840000DAD86D /* Variables.h */ = {isa = PBXFileReference; fileEncoding = 4; lastKnownFileType = sourcecode.c.h; path = Variables.h; sourceTree = "<group>"; };
		0037FB2E1EAF840000DAD86D /* DataRequest.h */ = {isa = PBXFileReference; fileEncoding = 4; lastKnownFileType = sourcecode.c.h; path = DataRequest.h; sourceTree = "<group>"; };
		0037FB2F1EAF840000DAD86D /* DataRequest.m */ = {isa = PBXFileReference; fileEncoding = 4; lastKnownFileType = sourcecode.c.objc; path = DataRequest.m; sourceTree = "<group>"; };
		0037FB301EAF840000DAD86D /* DataRequestDelegate.h */ = {isa = PBXFileReference; fileEncoding = 4; lastKnownFileType = sourcecode.c.h; path = DataRequestDelegate.h; sourceTree = "<group>"; };
		0037FB311EAF840000DAD86D /* ListsRequestManager.h */ = {isa = PBXFileReference; fileEncoding = 4; lastKnownFileType = sourcecode.c.h; path = ListsRequestManager.h; sourceTree = "<group>"; };
		0037FB321EAF840000DAD86D /* ListsRequestManager.m */ = {isa = PBXFileReference; fileEncoding = 4; lastKnownFileType = sourcecode.c.objc; path = ListsRequestManager.m; sourceTree = "<group>"; };
		0037FB351EAF845C00DAD86D /* JSONLoader.h */ = {isa = PBXFileReference; fileEncoding = 4; lastKnownFileType = sourcecode.c.h; name = JSONLoader.h; path = ../JSONLoader.h; sourceTree = "<group>"; };
		0037FB361EAF845C00DAD86D /* JSONLoader.m */ = {isa = PBXFileReference; fileEncoding = 4; lastKnownFileType = sourcecode.c.objc; name = JSONLoader.m; path = ../JSONLoader.m; sourceTree = "<group>"; };
		003D33BA1EAE13C200E2C263 /* CoreDataLedocAsync.app */ = {isa = PBXFileReference; explicitFileType = wrapper.application; includeInIndex = 0; path = CoreDataLedocAsync.app; sourceTree = BUILT_PRODUCTS_DIR; };
		003D33BE1EAE13C200E2C263 /* main.m */ = {isa = PBXFileReference; lastKnownFileType = sourcecode.c.objc; path = main.m; sourceTree = "<group>"; };
		003D33C01EAE13C200E2C263 /* AppDelegate.h */ = {isa = PBXFileReference; lastKnownFileType = sourcecode.c.h; path = AppDelegate.h; sourceTree = "<group>"; };
		003D33C11EAE13C200E2C263 /* AppDelegate.m */ = {isa = PBXFileReference; lastKnownFileType = sourcecode.c.objc; path = AppDelegate.m; sourceTree = "<group>"; };
		003D33C31EAE13C200E2C263 /* ViewController.h */ = {isa = PBXFileReference; lastKnownFileType = sourcecode.c.h; path = ViewController.h; sourceTree = "<group>"; };
		003D33C41EAE13C200E2C263 /* ViewController.m */ = {isa = PBXFileReference; lastKnownFileType = sourcecode.c.objc; path = ViewController.m; sourceTree = "<group>"; };
		003D33C71EAE13C200E2C263 /* Base */ = {isa = PBXFileReference; lastKnownFileType = file.storyboard; name = Base; path = Base.lproj/Main.storyboard; sourceTree = "<group>"; };
		003D33CA1EAE13C200E2C263 /* CoreDataLedocAsync.xcdatamodel */ = {isa = PBXFileReference; lastKnownFileType = wrapper.xcdatamodel; path = CoreDataLedocAsync.xcdatamodel; sourceTree = "<group>"; };
		003D33CC1EAE13C200E2C263 /* Assets.xcassets */ = {isa = PBXFileReference; lastKnownFileType = folder.assetcatalog; path = Assets.xcassets; sourceTree = "<group>"; };
		003D33CF1EAE13C200E2C263 /* Base */ = {isa = PBXFileReference; lastKnownFileType = file.storyboard; name = Base; path = Base.lproj/LaunchScreen.storyboard; sourceTree = "<group>"; };
		003D33D11EAE13C200E2C263 /* Info.plist */ = {isa = PBXFileReference; lastKnownFileType = text.plist.xml; path = Info.plist; sourceTree = "<group>"; };
		003D33D61EAE13C200E2C263 /* CoreDataLedocAsyncTests.xctest */ = {isa = PBXFileReference; explicitFileType = wrapper.cfbundle; includeInIndex = 0; path = CoreDataLedocAsyncTests.xctest; sourceTree = BUILT_PRODUCTS_DIR; };
		003D33DA1EAE13C200E2C263 /* CoreDataLedocAsyncTests.m */ = {isa = PBXFileReference; lastKnownFileType = sourcecode.c.objc; path = CoreDataLedocAsyncTests.m; sourceTree = "<group>"; };
		003D33DC1EAE13C200E2C263 /* Info.plist */ = {isa = PBXFileReference; lastKnownFileType = text.plist.xml; path = Info.plist; sourceTree = "<group>"; };
		003D33E11EAE13C200E2C263 /* CoreDataLedocAsyncUITests.xctest */ = {isa = PBXFileReference; explicitFileType = wrapper.cfbundle; includeInIndex = 0; path = CoreDataLedocAsyncUITests.xctest; sourceTree = BUILT_PRODUCTS_DIR; };
		003D33E51EAE13C200E2C263 /* CoreDataLedocAsyncUITests.m */ = {isa = PBXFileReference; lastKnownFileType = sourcecode.c.objc; path = CoreDataLedocAsyncUITests.m; sourceTree = "<group>"; };
		003D33E71EAE13C200E2C263 /* Info.plist */ = {isa = PBXFileReference; lastKnownFileType = text.plist.xml; path = Info.plist; sourceTree = "<group>"; };
		003D33F61EAE2D6100E2C263 /* ListsPresenter.h */ = {isa = PBXFileReference; fileEncoding = 4; lastKnownFileType = sourcecode.c.h; path = ListsPresenter.h; sourceTree = "<group>"; };
		003D33F71EAE2D6100E2C263 /* ListsPresenter.m */ = {isa = PBXFileReference; fileEncoding = 4; lastKnownFileType = sourcecode.c.objc; path = ListsPresenter.m; sourceTree = "<group>"; };
		00FDF4C61EB1F774000F6483 /* AFHTTPClient.h */ = {isa = PBXFileReference; fileEncoding = 4; lastKnownFileType = sourcecode.c.h; path = AFHTTPClient.h; sourceTree = "<group>"; };
		00FDF4C71EB1F774000F6483 /* AFHTTPClient.m */ = {isa = PBXFileReference; fileEncoding = 4; lastKnownFileType = sourcecode.c.objc; path = AFHTTPClient.m; sourceTree = "<group>"; };
		00FDF4C81EB1F774000F6483 /* AFHTTPRequestOperation.h */ = {isa = PBXFileReference; fileEncoding = 4; lastKnownFileType = sourcecode.c.h; path = AFHTTPRequestOperation.h; sourceTree = "<group>"; };
		00FDF4C91EB1F774000F6483 /* AFHTTPRequestOperation.m */ = {isa = PBXFileReference; fileEncoding = 4; lastKnownFileType = sourcecode.c.objc; path = AFHTTPRequestOperation.m; sourceTree = "<group>"; };
		00FDF4CA1EB1F774000F6483 /* AFImageRequestOperation.h */ = {isa = PBXFileReference; fileEncoding = 4; lastKnownFileType = sourcecode.c.h; path = AFImageRequestOperation.h; sourceTree = "<group>"; };
		00FDF4CB1EB1F774000F6483 /* AFImageRequestOperation.m */ = {isa = PBXFileReference; fileEncoding = 4; lastKnownFileType = sourcecode.c.objc; path = AFImageRequestOperation.m; sourceTree = "<group>"; };
		00FDF4CC1EB1F774000F6483 /* AFJSONRequestOperation.h */ = {isa = PBXFileReference; fileEncoding = 4; lastKnownFileType = sourcecode.c.h; path = AFJSONRequestOperation.h; sourceTree = "<group>"; };
		00FDF4CD1EB1F774000F6483 /* AFJSONRequestOperation.m */ = {isa = PBXFileReference; fileEncoding = 4; lastKnownFileType = sourcecode.c.objc; path = AFJSONRequestOperation.m; sourceTree = "<group>"; };
		00FDF4CE1EB1F774000F6483 /* AFNetworkActivityIndicatorManager.h */ = {isa = PBXFileReference; fileEncoding = 4; lastKnownFileType = sourcecode.c.h; path = AFNetworkActivityIndicatorManager.h; sourceTree = "<group>"; };
		00FDF4CF1EB1F774000F6483 /* AFNetworkActivityIndicatorManager.m */ = {isa = PBXFileReference; fileEncoding = 4; lastKnownFileType = sourcecode.c.objc; path = AFNetworkActivityIndicatorManager.m; sourceTree = "<group>"; };
		00FDF4D01EB1F774000F6483 /* AFNetworking.h */ = {isa = PBXFileReference; fileEncoding = 4; lastKnownFileType = sourcecode.c.h; path = AFNetworking.h; sourceTree = "<group>"; };
		00FDF4D11EB1F774000F6483 /* AFPropertyListRequestOperation.h */ = {isa = PBXFileReference; fileEncoding = 4; lastKnownFileType = sourcecode.c.h; path = AFPropertyListRequestOperation.h; sourceTree = "<group>"; };
		00FDF4D21EB1F774000F6483 /* AFPropertyListRequestOperation.m */ = {isa = PBXFileReference; fileEncoding = 4; lastKnownFileType = sourcecode.c.objc; path = AFPropertyListRequestOperation.m; sourceTree = "<group>"; };
		00FDF4D31EB1F774000F6483 /* AFURLConnectionOperation.h */ = {isa = PBXFileReference; fileEncoding = 4; lastKnownFileType = sourcecode.c.h; path = AFURLConnectionOperation.h; sourceTree = "<group>"; };
		00FDF4D41EB1F774000F6483 /* AFURLConnectionOperation.m */ = {isa = PBXFileReference; fileEncoding = 4; lastKnownFileType = sourcecode.c.objc; path = AFURLConnectionOperation.m; sourceTree = "<group>"; };
		00FDF4D51EB1F774000F6483 /* AFXMLRequestOperation.h */ = {isa = PBXFileReference; fileEncoding = 4; lastKnownFileType = sourcecode.c.h; path = AFXMLRequestOperation.h; sourceTree = "<group>"; };
		00FDF4D61EB1F774000F6483 /* AFXMLRequestOperation.m */ = {isa = PBXFileReference; fileEncoding = 4; lastKnownFileType = sourcecode.c.objc; path = AFXMLRequestOperation.m; sourceTree = "<group>"; };
		00FDF4D71EB1F774000F6483 /* UIImageView+AFNetworking.h */ = {isa = PBXFileReference; fileEncoding = 4; lastKnownFileType = sourcecode.c.h; path = "UIImageView+AFNetworking.h"; sourceTree = "<group>"; };
		00FDF4D81EB1F774000F6483 /* UIImageView+AFNetworking.m */ = {isa = PBXFileReference; fileEncoding = 4; lastKnownFileType = sourcecode.c.objc; path = "UIImageView+AFNetworking.m"; sourceTree = "<group>"; };
/* End PBXFileReference section */

/* Begin PBXFrameworksBuildPhase section */
		003D33B71EAE13C200E2C263 /* Frameworks */ = {
			isa = PBXFrameworksBuildPhase;
			buildActionMask = 2147483647;
			files = (
			);
			runOnlyForDeploymentPostprocessing = 0;
		};
		003D33D31EAE13C200E2C263 /* Frameworks */ = {
			isa = PBXFrameworksBuildPhase;
			buildActionMask = 2147483647;
			files = (
			);
			runOnlyForDeploymentPostprocessing = 0;
		};
		003D33DE1EAE13C200E2C263 /* Frameworks */ = {
			isa = PBXFrameworksBuildPhase;
			buildActionMask = 2147483647;
			files = (
			);
			runOnlyForDeploymentPostprocessing = 0;
		};
/* End PBXFrameworksBuildPhase section */

/* Begin PBXGroup section */
		0035B0D31EB0A76C0001D71A /* Database */ = {
			isa = PBXGroup;
			children = (
				0035B0D41EB0A78B0001D71A /* DatabaseUtils.h */,
				0035B0D51EB0A78B0001D71A /* DatabaseUtils.m */,
			);
			name = Database;
			sourceTree = "<group>";
		};
		0035B1221EB0B7540001D71A /* Models */ = {
			isa = PBXGroup;
			children = (
				0035B1521EB0C1FC0001D71A /* DeviationData.m */,
				0035B1531EB0C1FC0001D71A /* DeviationData.h */,
				0035B1231EB0B7540001D71A /* _DeviationBasicInfoRest.h */,
				0035B1241EB0B7540001D71A /* _DeviationBasicInfoRest.m */,
				0035B1251EB0B7540001D71A /* _DeviationDetailsRest.h */,
				0035B1261EB0B7540001D71A /* _DeviationDetailsRest.m */,
				0035B1271EB0B7540001D71A /* _DocumentBasicInfoEntry.h */,
				0035B1281EB0B7540001D71A /* _DocumentBasicInfoEntry.m */,
				0035B1291EB0B7540001D71A /* _DocumentDetailsEntry.h */,
				0035B12A1EB0B7540001D71A /* _DocumentDetailsEntry.m */,
				0035B12B1EB0B7540001D71A /* _EquipmentEntry.h */,
				0035B12C1EB0B7540001D71A /* _EquipmentEntry.m */,
				0035B12D1EB0B7540001D71A /* DeviationBasicInfoRest.h */,
				0035B12E1EB0B7540001D71A /* DeviationBasicInfoRest.m */,
				0035B12F1EB0B7540001D71A /* DeviationDetailsRest.h */,
				0035B1301EB0B7540001D71A /* DeviationDetailsRest.m */,
				0035B1311EB0B7540001D71A /* DocumentBasicInfoEntry.h */,
				0035B1321EB0B7540001D71A /* DocumentBasicInfoEntry.m */,
				0035B1331EB0B7540001D71A /* DocumentDetailsEntry.h */,
				0035B1341EB0B7540001D71A /* DocumentDetailsEntry.m */,
				0035B1351EB0B7540001D71A /* EquipmentEntry.h */,
				0035B1361EB0B7540001D71A /* EquipmentEntry.m */,
			);
			path = Models;
			sourceTree = "<group>";
		};
		0035B14D1EB0C1680001D71A /* Utils */ = {
			isa = PBXGroup;
			children = (
				0035B1581EB0E6790001D71A /* LedocUtils.h */,
				0035B1591EB0E6790001D71A /* LedocUtils.m */,
				0035B15B1EB1D35E0001D71A /* Utils.h */,
				0035B15C1EB1D35E0001D71A /* Utils.m */,
			);
			name = Utils;
			sourceTree = "<group>";
		};
		0037FB291EAF832800DAD86D /* Libraries */ = {
			isa = PBXGroup;
			children = (
			);
			name = Libraries;
			sourceTree = "<group>";
		};
		0037FB2C1EAF83EF00DAD86D /* DataRequest */ = {
			isa = PBXGroup;
			children = (
				0037FB2D1EAF840000DAD86D /* Variables.h */,
				0037FB2E1EAF840000DAD86D /* DataRequest.h */,
				0037FB2F1EAF840000DAD86D /* DataRequest.m */,
				0037FB301EAF840000DAD86D /* DataRequestDelegate.h */,
				0037FB311EAF840000DAD86D /* ListsRequestManager.h */,
				0037FB321EAF840000DAD86D /* ListsRequestManager.m */,
			);
			name = DataRequest;
			path = ..;
			sourceTree = "<group>";
		};
		0037FB381EAF848900DAD86D /* JSON */ = {
			isa = PBXGroup;
			children = (
				0035B1471EB0BC630001D71A /* JSONKit.m */,
				0035B1481EB0BC630001D71A /* JSONKit.h */,
				0035B14A1EB0C06F0001D71A /* DocumentListModel.m */,
				0035B14B1EB0C06F0001D71A /* DocumentListModel.h */,
				0035B1441EB0BA660001D71A /* ResponseDocumentationList.m */,
				0035B1451EB0BA660001D71A /* ResponseDocumentationList.h */,
				0035B1411EB0B9E50001D71A /* GeneratedDeviationList.m */,
				0035B1421EB0B9E50001D71A /* GeneratedDeviationList.h */,
				0037FB351EAF845C00DAD86D /* JSONLoader.h */,
				0037FB361EAF845C00DAD86D /* JSONLoader.m */,
			);
			name = JSON;
			sourceTree = "<group>";
		};
		003D33B11EAE13C200E2C263 = {
			isa = PBXGroup;
			children = (
				00FDF4C51EB1F774000F6483 /* AFNetworking */,
				0037FB291EAF832800DAD86D /* Libraries */,
				003D33BC1EAE13C200E2C263 /* CoreDataLedocAsync */,
				003D33D91EAE13C200E2C263 /* CoreDataLedocAsyncTests */,
				003D33E41EAE13C200E2C263 /* CoreDataLedocAsyncUITests */,
				003D33BB1EAE13C200E2C263 /* Products */,
			);
			sourceTree = "<group>";
		};
		003D33BB1EAE13C200E2C263 /* Products */ = {
			isa = PBXGroup;
			children = (
				003D33BA1EAE13C200E2C263 /* CoreDataLedocAsync.app */,
				003D33D61EAE13C200E2C263 /* CoreDataLedocAsyncTests.xctest */,
				003D33E11EAE13C200E2C263 /* CoreDataLedocAsyncUITests.xctest */,
			);
			name = Products;
			sourceTree = "<group>";
		};
		003D33BC1EAE13C200E2C263 /* CoreDataLedocAsync */ = {
			isa = PBXGroup;
			children = (
				0035B14D1EB0C1680001D71A /* Utils */,
				0035B1221EB0B7540001D71A /* Models */,
				0035B0D31EB0A76C0001D71A /* Database */,
				0037FB381EAF848900DAD86D /* JSON */,
				0037FB2C1EAF83EF00DAD86D /* DataRequest */,
				003D33C01EAE13C200E2C263 /* AppDelegate.h */,
				003D33C11EAE13C200E2C263 /* AppDelegate.m */,
				003D33C31EAE13C200E2C263 /* ViewController.h */,
				003D33C41EAE13C200E2C263 /* ViewController.m */,
				003D33C61EAE13C200E2C263 /* Main.storyboard */,
				003D33CC1EAE13C200E2C263 /* Assets.xcassets */,
				003D33CE1EAE13C200E2C263 /* LaunchScreen.storyboard */,
				003D33D11EAE13C200E2C263 /* Info.plist */,
				003D33C91EAE13C200E2C263 /* CoreDataLedocAsync.xcdatamodeld */,
				003D33BD1EAE13C200E2C263 /* Supporting Files */,
				003D33F61EAE2D6100E2C263 /* ListsPresenter.h */,
				003D33F71EAE2D6100E2C263 /* ListsPresenter.m */,
			);
			path = CoreDataLedocAsync;
			sourceTree = "<group>";
		};
		003D33BD1EAE13C200E2C263 /* Supporting Files */ = {
			isa = PBXGroup;
			children = (
				003D33BE1EAE13C200E2C263 /* main.m */,
			);
			name = "Supporting Files";
			sourceTree = "<group>";
		};
		003D33D91EAE13C200E2C263 /* CoreDataLedocAsyncTests */ = {
			isa = PBXGroup;
			children = (
				003D33DA1EAE13C200E2C263 /* CoreDataLedocAsyncTests.m */,
				003D33DC1EAE13C200E2C263 /* Info.plist */,
			);
			path = CoreDataLedocAsyncTests;
			sourceTree = "<group>";
		};
		003D33E41EAE13C200E2C263 /* CoreDataLedocAsyncUITests */ = {
			isa = PBXGroup;
			children = (
				003D33E51EAE13C200E2C263 /* CoreDataLedocAsyncUITests.m */,
				003D33E71EAE13C200E2C263 /* Info.plist */,
			);
			path = CoreDataLedocAsyncUITests;
			sourceTree = "<group>";
		};
		00FDF4C51EB1F774000F6483 /* AFNetworking */ = {
			isa = PBXGroup;
			children = (
				00FDF4C61EB1F774000F6483 /* AFHTTPClient.h */,
				00FDF4C71EB1F774000F6483 /* AFHTTPClient.m */,
				00FDF4C81EB1F774000F6483 /* AFHTTPRequestOperation.h */,
				00FDF4C91EB1F774000F6483 /* AFHTTPRequestOperation.m */,
				00FDF4CA1EB1F774000F6483 /* AFImageRequestOperation.h */,
				00FDF4CB1EB1F774000F6483 /* AFImageRequestOperation.m */,
				00FDF4CC1EB1F774000F6483 /* AFJSONRequestOperation.h */,
				00FDF4CD1EB1F774000F6483 /* AFJSONRequestOperation.m */,
				00FDF4CE1EB1F774000F6483 /* AFNetworkActivityIndicatorManager.h */,
				00FDF4CF1EB1F774000F6483 /* AFNetworkActivityIndicatorManager.m */,
				00FDF4D01EB1F774000F6483 /* AFNetworking.h */,
				00FDF4D11EB1F774000F6483 /* AFPropertyListRequestOperation.h */,
				00FDF4D21EB1F774000F6483 /* AFPropertyListRequestOperation.m */,
				00FDF4D31EB1F774000F6483 /* AFURLConnectionOperation.h */,
				00FDF4D41EB1F774000F6483 /* AFURLConnectionOperation.m */,
				00FDF4D51EB1F774000F6483 /* AFXMLRequestOperation.h */,
				00FDF4D61EB1F774000F6483 /* AFXMLRequestOperation.m */,
				00FDF4D71EB1F774000F6483 /* UIImageView+AFNetworking.h */,
				00FDF4D81EB1F774000F6483 /* UIImageView+AFNetworking.m */,
			);
			path = AFNetworking;
			sourceTree = "<group>";
		};
/* End PBXGroup section */

/* Begin PBXNativeTarget section */
		003D33B91EAE13C200E2C263 /* CoreDataLedocAsync */ = {
			isa = PBXNativeTarget;
			buildConfigurationList = 003D33EA1EAE13C200E2C263 /* Build configuration list for PBXNativeTarget "CoreDataLedocAsync" */;
			buildPhases = (
				003D33B61EAE13C200E2C263 /* Sources */,
				003D33B71EAE13C200E2C263 /* Frameworks */,
				003D33B81EAE13C200E2C263 /* Resources */,
			);
			buildRules = (
			);
			dependencies = (
			);
			name = CoreDataLedocAsync;
			productName = CoreDataLedocAsync;
			productReference = 003D33BA1EAE13C200E2C263 /* CoreDataLedocAsync.app */;
			productType = "com.apple.product-type.application";
		};
		003D33D51EAE13C200E2C263 /* CoreDataLedocAsyncTests */ = {
			isa = PBXNativeTarget;
			buildConfigurationList = 003D33ED1EAE13C200E2C263 /* Build configuration list for PBXNativeTarget "CoreDataLedocAsyncTests" */;
			buildPhases = (
				003D33D21EAE13C200E2C263 /* Sources */,
				003D33D31EAE13C200E2C263 /* Frameworks */,
				003D33D41EAE13C200E2C263 /* Resources */,
			);
			buildRules = (
			);
			dependencies = (
				003D33D81EAE13C200E2C263 /* PBXTargetDependency */,
			);
			name = CoreDataLedocAsyncTests;
			productName = CoreDataLedocAsyncTests;
			productReference = 003D33D61EAE13C200E2C263 /* CoreDataLedocAsyncTests.xctest */;
			productType = "com.apple.product-type.bundle.unit-test";
		};
		003D33E01EAE13C200E2C263 /* CoreDataLedocAsyncUITests */ = {
			isa = PBXNativeTarget;
			buildConfigurationList = 003D33F01EAE13C200E2C263 /* Build configuration list for PBXNativeTarget "CoreDataLedocAsyncUITests" */;
			buildPhases = (
				003D33DD1EAE13C200E2C263 /* Sources */,
				003D33DE1EAE13C200E2C263 /* Frameworks */,
				003D33DF1EAE13C200E2C263 /* Resources */,
			);
			buildRules = (
			);
			dependencies = (
				003D33E31EAE13C200E2C263 /* PBXTargetDependency */,
			);
			name = CoreDataLedocAsyncUITests;
			productName = CoreDataLedocAsyncUITests;
			productReference = 003D33E11EAE13C200E2C263 /* CoreDataLedocAsyncUITests.xctest */;
			productType = "com.apple.product-type.bundle.ui-testing";
		};
/* End PBXNativeTarget section */

/* Begin PBXProject section */
		003D33B21EAE13C200E2C263 /* Project object */ = {
			isa = PBXProject;
			attributes = {
				LastUpgradeCheck = 0730;
				ORGANIZATIONNAME = valueadd;
				TargetAttributes = {
					003D33B91EAE13C200E2C263 = {
						CreatedOnToolsVersion = 7.3;
					};
					003D33D51EAE13C200E2C263 = {
						CreatedOnToolsVersion = 7.3;
						TestTargetID = 003D33B91EAE13C200E2C263;
					};
					003D33E01EAE13C200E2C263 = {
						CreatedOnToolsVersion = 7.3;
						TestTargetID = 003D33B91EAE13C200E2C263;
					};
					003D33F91EAF4B0E00E2C263 = {
						CreatedOnToolsVersion = 7.3;
					};
				};
			};
			buildConfigurationList = 003D33B51EAE13C200E2C263 /* Build configuration list for PBXProject "CoreDataLedocAsync" */;
			compatibilityVersion = "Xcode 3.2";
			developmentRegion = English;
			hasScannedForEncodings = 0;
			knownRegions = (
				en,
				Base,
			);
			mainGroup = 003D33B11EAE13C200E2C263;
			productRefGroup = 003D33BB1EAE13C200E2C263 /* Products */;
			projectDirPath = "";
			projectRoot = "";
			targets = (
				003D33B91EAE13C200E2C263 /* CoreDataLedocAsync */,
				003D33D51EAE13C200E2C263 /* CoreDataLedocAsyncTests */,
				003D33E01EAE13C200E2C263 /* CoreDataLedocAsyncUITests */,
				003D33F91EAF4B0E00E2C263 /* Monogenerator */,
			);
		};
/* End PBXProject section */

/* Begin PBXResourcesBuildPhase section */
		003D33B81EAE13C200E2C263 /* Resources */ = {
			isa = PBXResourcesBuildPhase;
			buildActionMask = 2147483647;
			files = (
				003D33D01EAE13C200E2C263 /* LaunchScreen.storyboard in Resources */,
				003D33CD1EAE13C200E2C263 /* Assets.xcassets in Resources */,
				003D33C81EAE13C200E2C263 /* Main.storyboard in Resources */,
			);
			runOnlyForDeploymentPostprocessing = 0;
		};
		003D33D41EAE13C200E2C263 /* Resources */ = {
			isa = PBXResourcesBuildPhase;
			buildActionMask = 2147483647;
			files = (
			);
			runOnlyForDeploymentPostprocessing = 0;
		};
		003D33DF1EAE13C200E2C263 /* Resources */ = {
			isa = PBXResourcesBuildPhase;
			buildActionMask = 2147483647;
			files = (
			);
			runOnlyForDeploymentPostprocessing = 0;
		};
/* End PBXResourcesBuildPhase section */

/* Begin PBXShellScriptBuildPhase section */
		003D33FD1EAF4B4700E2C263 /* ShellScript */ = {
			isa = PBXShellScriptBuildPhase;
			buildActionMask = 2147483647;
			files = (
			);
			inputPaths = (
			);
			outputPaths = (
			);
			runOnlyForDeploymentPostprocessing = 0;
			shellPath = /bin/sh;
			shellScript = "mogenerator -m \"CoreDataLedocAsync/CoreDataLedocAsync.xcdatamodeld/CoreDataLedocAsync.xcdatamodel\" -O CoreDataLedocAsync/Models --template-var arc=true";
		};
/* End PBXShellScriptBuildPhase section */

/* Begin PBXSourcesBuildPhase section */
		003D33B61EAE13C200E2C263 /* Sources */ = {
			isa = PBXSourcesBuildPhase;
			buildActionMask = 2147483647;
			files = (
				0035B15D1EB1D35E0001D71A /* Utils.m in Sources */,
				0035B13E1EB0B7540001D71A /* DocumentBasicInfoEntry.m in Sources */,
				0035B1541EB0C1FC0001D71A /* DeviationData.m in Sources */,
				0035B1401EB0B7540001D71A /* EquipmentEntry.m in Sources */,
				0037FB371EAF845C00DAD86D /* JSONLoader.m in Sources */,
				0035B13C1EB0B7540001D71A /* DeviationBasicInfoRest.m in Sources */,
				003D33C51EAE13C200E2C263 /* ViewController.m in Sources */,
				0035B1391EB0B7540001D71A /* _DocumentBasicInfoEntry.m in Sources */,
				00FDF4DC1EB1F774000F6483 /* AFJSONRequestOperation.m in Sources */,
				0037FB341EAF840000DAD86D /* ListsRequestManager.m in Sources */,
				0035B15A1EB0E6790001D71A /* LedocUtils.m in Sources */,
				00FDF4DD1EB1F774000F6483 /* AFNetworkActivityIndicatorManager.m in Sources */,
				0035B1381EB0B7540001D71A /* _DeviationDetailsRest.m in Sources */,
				0035B13A1EB0B7540001D71A /* _DocumentDetailsEntry.m in Sources */,
				0035B14C1EB0C06F0001D71A /* DocumentListModel.m in Sources */,
				0035B13F1EB0B7540001D71A /* DocumentDetailsEntry.m in Sources */,
				00FDF4E01EB1F774000F6483 /* AFXMLRequestOperation.m in Sources */,
				003D33C21EAE13C200E2C263 /* AppDelegate.m in Sources */,
				003D33BF1EAE13C200E2C263 /* main.m in Sources */,
				0035B0D61EB0A78B0001D71A /* DatabaseUtils.m in Sources */,
				0035B1431EB0B9E50001D71A /* GeneratedDeviationList.m in Sources */,
				003D33CB1EAE13C200E2C263 /* CoreDataLedocAsync.xcdatamodeld in Sources */,
				0035B1371EB0B7540001D71A /* _DeviationBasicInfoRest.m in Sources */,
				00FDF4DF1EB1F774000F6483 /* AFURLConnectionOperation.m in Sources */,
				00FDF4DA1EB1F774000F6483 /* AFHTTPRequestOperation.m in Sources */,
				00FDF4D91EB1F774000F6483 /* AFHTTPClient.m in Sources */,
				00FDF4E11EB1F774000F6483 /* UIImageView+AFNetworking.m in Sources */,
				0035B13B1EB0B7540001D71A /* _EquipmentEntry.m in Sources */,
				003D33F81EAE2D6100E2C263 /* ListsPresenter.m in Sources */,
				00FDF4DE1EB1F774000F6483 /* AFPropertyListRequestOperation.m in Sources */,
				0035B1461EB0BA660001D71A /* ResponseDocumentationList.m in Sources */,
				00FDF4DB1EB1F774000F6483 /* AFImageRequestOperation.m in Sources */,
				0035B13D1EB0B7540001D71A /* DeviationDetailsRest.m in Sources */,
				0037FB331EAF840000DAD86D /* DataRequest.m in Sources */,
				0035B1491EB0BC630001D71A /* JSONKit.m in Sources */,
			);
			runOnlyForDeploymentPostprocessing = 0;
		};
		003D33D21EAE13C200E2C263 /* Sources */ = {
			isa = PBXSourcesBuildPhase;
			buildActionMask = 2147483647;
			files = (
				003D33DB1EAE13C200E2C263 /* CoreDataLedocAsyncTests.m in Sources */,
			);
			runOnlyForDeploymentPostprocessing = 0;
		};
		003D33DD1EAE13C200E2C263 /* Sources */ = {
			isa = PBXSourcesBuildPhase;
			buildActionMask = 2147483647;
			files = (
				003D33E61EAE13C200E2C263 /* CoreDataLedocAsyncUITests.m in Sources */,
			);
			runOnlyForDeploymentPostprocessing = 0;
		};
/* End PBXSourcesBuildPhase section */

/* Begin PBXTargetDependency section */
		003D33D81EAE13C200E2C263 /* PBXTargetDependency */ = {
			isa = PBXTargetDependency;
			target = 003D33B91EAE13C200E2C263 /* CoreDataLedocAsync */;
			targetProxy = 003D33D71EAE13C200E2C263 /* PBXContainerItemProxy */;
		};
		003D33E31EAE13C200E2C263 /* PBXTargetDependency */ = {
			isa = PBXTargetDependency;
			target = 003D33B91EAE13C200E2C263 /* CoreDataLedocAsync */;
			targetProxy = 003D33E21EAE13C200E2C263 /* PBXContainerItemProxy */;
		};
/* End PBXTargetDependency section */

/* Begin PBXVariantGroup section */
		003D33C61EAE13C200E2C263 /* Main.storyboard */ = {
			isa = PBXVariantGroup;
			children = (
				003D33C71EAE13C200E2C263 /* Base */,
			);
			name = Main.storyboard;
			sourceTree = "<group>";
		};
		003D33CE1EAE13C200E2C263 /* LaunchScreen.storyboard */ = {
			isa = PBXVariantGroup;
			children = (
				003D33CF1EAE13C200E2C263 /* Base */,
			);
			name = LaunchScreen.storyboard;
			sourceTree = "<group>";
		};
/* End PBXVariantGroup section */

/* Begin XCBuildConfiguration section */
		003D33E81EAE13C200E2C263 /* Debug */ = {
			isa = XCBuildConfiguration;
			buildSettings = {
				ALWAYS_SEARCH_USER_PATHS = NO;
				CLANG_ANALYZER_NONNULL = YES;
				CLANG_CXX_LANGUAGE_STANDARD = "gnu++0x";
				CLANG_CXX_LIBRARY = "libc++";
				CLANG_ENABLE_MODULES = YES;
				CLANG_ENABLE_OBJC_ARC = YES;
				CLANG_WARN_BOOL_CONVERSION = YES;
				CLANG_WARN_CONSTANT_CONVERSION = YES;
				CLANG_WARN_DIRECT_OBJC_ISA_USAGE = YES_ERROR;
				CLANG_WARN_EMPTY_BODY = YES;
				CLANG_WARN_ENUM_CONVERSION = YES;
				CLANG_WARN_INT_CONVERSION = YES;
				CLANG_WARN_OBJC_ROOT_CLASS = YES_ERROR;
				CLANG_WARN_UNREACHABLE_CODE = YES;
				CLANG_WARN__DUPLICATE_METHOD_MATCH = YES;
				"CODE_SIGN_IDENTITY[sdk=iphoneos*]" = "iPhone Developer";
				COPY_PHASE_STRIP = NO;
				DEBUG_INFORMATION_FORMAT = dwarf;
				ENABLE_STRICT_OBJC_MSGSEND = YES;
				ENABLE_TESTABILITY = YES;
				GCC_C_LANGUAGE_STANDARD = gnu99;
				GCC_DYNAMIC_NO_PIC = NO;
				GCC_NO_COMMON_BLOCKS = YES;
				GCC_OPTIMIZATION_LEVEL = 0;
				GCC_PREPROCESSOR_DEFINITIONS = (
					"DEBUG=1",
					"$(inherited)",
				);
				GCC_WARN_64_TO_32_BIT_CONVERSION = YES;
				GCC_WARN_ABOUT_RETURN_TYPE = YES_ERROR;
				GCC_WARN_UNDECLARED_SELECTOR = YES;
				GCC_WARN_UNINITIALIZED_AUTOS = YES_AGGRESSIVE;
				GCC_WARN_UNUSED_FUNCTION = YES;
				GCC_WARN_UNUSED_VARIABLE = YES;
				IPHONEOS_DEPLOYMENT_TARGET = 9.3;
				MTL_ENABLE_DEBUG_INFO = YES;
				ONLY_ACTIVE_ARCH = YES;
				SDKROOT = iphoneos;
				TARGETED_DEVICE_FAMILY = "1,2";
			};
			name = Debug;
		};
		003D33E91EAE13C200E2C263 /* Release */ = {
			isa = XCBuildConfiguration;
			buildSettings = {
				ALWAYS_SEARCH_USER_PATHS = NO;
				CLANG_ANALYZER_NONNULL = YES;
				CLANG_CXX_LANGUAGE_STANDARD = "gnu++0x";
				CLANG_CXX_LIBRARY = "libc++";
				CLANG_ENABLE_MODULES = YES;
				CLANG_ENABLE_OBJC_ARC = YES;
				CLANG_WARN_BOOL_CONVERSION = YES;
				CLANG_WARN_CONSTANT_CONVERSION = YES;
				CLANG_WARN_DIRECT_OBJC_ISA_USAGE = YES_ERROR;
				CLANG_WARN_EMPTY_BODY = YES;
				CLANG_WARN_ENUM_CONVERSION = YES;
				CLANG_WARN_INT_CONVERSION = YES;
				CLANG_WARN_OBJC_ROOT_CLASS = YES_ERROR;
				CLANG_WARN_UNREACHABLE_CODE = YES;
				CLANG_WARN__DUPLICATE_METHOD_MATCH = YES;
				"CODE_SIGN_IDENTITY[sdk=iphoneos*]" = "iPhone Developer";
				COPY_PHASE_STRIP = NO;
				DEBUG_INFORMATION_FORMAT = "dwarf-with-dsym";
				ENABLE_NS_ASSERTIONS = NO;
				ENABLE_STRICT_OBJC_MSGSEND = YES;
				GCC_C_LANGUAGE_STANDARD = gnu99;
				GCC_NO_COMMON_BLOCKS = YES;
				GCC_WARN_64_TO_32_BIT_CONVERSION = YES;
				GCC_WARN_ABOUT_RETURN_TYPE = YES_ERROR;
				GCC_WARN_UNDECLARED_SELECTOR = YES;
				GCC_WARN_UNINITIALIZED_AUTOS = YES_AGGRESSIVE;
				GCC_WARN_UNUSED_FUNCTION = YES;
				GCC_WARN_UNUSED_VARIABLE = YES;
				IPHONEOS_DEPLOYMENT_TARGET = 9.3;
				MTL_ENABLE_DEBUG_INFO = NO;
				SDKROOT = iphoneos;
				TARGETED_DEVICE_FAMILY = "1,2";
				VALIDATE_PRODUCT = YES;
			};
			name = Release;
		};
		003D33EB1EAE13C200E2C263 /* Debug */ = {
			isa = XCBuildConfiguration;
			buildSettings = {
				ASSETCATALOG_COMPILER_APPICON_NAME = AppIcon;
				DEFINES_MODULE = YES;
				INFOPLIST_FILE = CoreDataLedocAsync/Info.plist;
				LD_RUNPATH_SEARCH_PATHS = "$(inherited) @executable_path/Frameworks";
				ONLY_ACTIVE_ARCH = NO;
				OTHER_LDFLAGS = "$(inherited)";
				PRODUCT_BUNDLE_IDENTIFIER = valueadd.CoreDataLedocAsync;
				PRODUCT_NAME = "$(TARGET_NAME)";
			};
			name = Debug;
		};
		003D33EC1EAE13C200E2C263 /* Release */ = {
			isa = XCBuildConfiguration;
			buildSettings = {
				ASSETCATALOG_COMPILER_APPICON_NAME = AppIcon;
				DEFINES_MODULE = YES;
				INFOPLIST_FILE = CoreDataLedocAsync/Info.plist;
				LD_RUNPATH_SEARCH_PATHS = "$(inherited) @executable_path/Frameworks";
				ONLY_ACTIVE_ARCH = NO;
				OTHER_LDFLAGS = "$(inherited)";
				PRODUCT_BUNDLE_IDENTIFIER = valueadd.CoreDataLedocAsync;
				PRODUCT_NAME = "$(TARGET_NAME)";
			};
			name = Release;
		};
		003D33EE1EAE13C200E2C263 /* Debug */ = {
			isa = XCBuildConfiguration;
			buildSettings = {
				BUNDLE_LOADER = "$(TEST_HOST)";
				INFOPLIST_FILE = CoreDataLedocAsyncTests/Info.plist;
				LD_RUNPATH_SEARCH_PATHS = "$(inherited) @executable_path/Frameworks @loader_path/Frameworks";
				PRODUCT_BUNDLE_IDENTIFIER = valueadd.CoreDataLedocAsyncTests;
				PRODUCT_NAME = "$(TARGET_NAME)";
				TEST_HOST = "$(BUILT_PRODUCTS_DIR)/CoreDataLedocAsync.app/CoreDataLedocAsync";
			};
			name = Debug;
		};
		003D33EF1EAE13C200E2C263 /* Release */ = {
			isa = XCBuildConfiguration;
			buildSettings = {
				BUNDLE_LOADER = "$(TEST_HOST)";
				INFOPLIST_FILE = CoreDataLedocAsyncTests/Info.plist;
				LD_RUNPATH_SEARCH_PATHS = "$(inherited) @executable_path/Frameworks @loader_path/Frameworks";
				PRODUCT_BUNDLE_IDENTIFIER = valueadd.CoreDataLedocAsyncTests;
				PRODUCT_NAME = "$(TARGET_NAME)";
				TEST_HOST = "$(BUILT_PRODUCTS_DIR)/CoreDataLedocAsync.app/CoreDataLedocAsync";
			};
			name = Release;
		};
		003D33F11EAE13C200E2C263 /* Debug */ = {
			isa = XCBuildConfiguration;
			buildSettings = {
				INFOPLIST_FILE = CoreDataLedocAsyncUITests/Info.plist;
				LD_RUNPATH_SEARCH_PATHS = "$(inherited) @executable_path/Frameworks @loader_path/Frameworks";
				PRODUCT_BUNDLE_IDENTIFIER = valueadd.CoreDataLedocAsyncUITests;
				PRODUCT_NAME = "$(TARGET_NAME)";
				TEST_TARGET_NAME = CoreDataLedocAsync;
			};
			name = Debug;
		};
		003D33F21EAE13C200E2C263 /* Release */ = {
			isa = XCBuildConfiguration;
			buildSettings = {
				INFOPLIST_FILE = CoreDataLedocAsyncUITests/Info.plist;
				LD_RUNPATH_SEARCH_PATHS = "$(inherited) @executable_path/Frameworks @loader_path/Frameworks";
				PRODUCT_BUNDLE_IDENTIFIER = valueadd.CoreDataLedocAsyncUITests;
				PRODUCT_NAME = "$(TARGET_NAME)";
				TEST_TARGET_NAME = CoreDataLedocAsync;
			};
			name = Release;
		};
		003D33FA1EAF4B0E00E2C263 /* Debug */ = {
			isa = XCBuildConfiguration;
			buildSettings = {
				PRODUCT_NAME = "$(TARGET_NAME)";
			};
			name = Debug;
		};
		003D33FB1EAF4B0E00E2C263 /* Release */ = {
			isa = XCBuildConfiguration;
			buildSettings = {
				PRODUCT_NAME = "$(TARGET_NAME)";
			};
			name = Release;
		};
/* End XCBuildConfiguration section */

/* Begin XCConfigurationList section */
		003D33B51EAE13C200E2C263 /* Build configuration list for PBXProject "CoreDataLedocAsync" */ = {
			isa = XCConfigurationList;
			buildConfigurations = (
				003D33E81EAE13C200E2C263 /* Debug */,
				003D33E91EAE13C200E2C263 /* Release */,
			);
			defaultConfigurationIsVisible = 0;
			defaultConfigurationName = Release;
		};
		003D33EA1EAE13C200E2C263 /* Build configuration list for PBXNativeTarget "CoreDataLedocAsync" */ = {
			isa = XCConfigurationList;
			buildConfigurations = (
				003D33EB1EAE13C200E2C263 /* Debug */,
				003D33EC1EAE13C200E2C263 /* Release */,
			);
			defaultConfigurationIsVisible = 0;
			defaultConfigurationName = Release;
		};
		003D33ED1EAE13C200E2C263 /* Build configuration list for PBXNativeTarget "CoreDataLedocAsyncTests" */ = {
			isa = XCConfigurationList;
			buildConfigurations = (
				003D33EE1EAE13C200E2C263 /* Debug */,
				003D33EF1EAE13C200E2C263 /* Release */,
			);
			defaultConfigurationIsVisible = 0;
			defaultConfigurationName = Release;
		};
		003D33F01EAE13C200E2C263 /* Build configuration list for PBXNativeTarget "CoreDataLedocAsyncUITests" */ = {
			isa = XCConfigurationList;
			buildConfigurations = (
				003D33F11EAE13C200E2C263 /* Debug */,
				003D33F21EAE13C200E2C263 /* Release */,
			);
			defaultConfigurationIsVisible = 0;
			defaultConfigurationName = Release;
		};
		003D33FC1EAF4B0E00E2C263 /* Build configuration list for PBXAggregateTarget "Monogenerator" */ = {
			isa = XCConfigurationList;
			buildConfigurations = (
				003D33FA1EAF4B0E00E2C263 /* Debug */,
				003D33FB1EAF4B0E00E2C263 /* Release */,
			);
			defaultConfigurationIsVisible = 0;
			defaultConfigurationName = Release;
		};
/* End XCConfigurationList section */

/* Begin XCVersionGroup section */
		003D33C91EAE13C200E2C263 /* CoreDataLedocAsync.xcdatamodeld */ = {
			isa = XCVersionGroup;
			children = (
				003D33CA1EAE13C200E2C263 /* CoreDataLedocAsync.xcdatamodel */,
			);
			currentVersion = 003D33CA1EAE13C200E2C263 /* CoreDataLedocAsync.xcdatamodel */;
			path = CoreDataLedocAsync.xcdatamodeld;
			sourceTree = "<group>";
			versionGroupType = wrapper.xcdatamodel;
		};
/* End XCVersionGroup section */
	};
	rootObject = 003D33B21EAE13C200E2C263 /* Project object */;
}
